// !$*UTF8*$!
{
	archiveVersion = 1;
	classes = {
	};
	objectVersion = 56;
	objects = {

/* Begin PBXBuildFile section */
		6C5193112AEFE29E00014EE7 /* SpotifyReplicaApp.swift in Sources */ = {isa = PBXBuildFile; fileRef = 6C5193102AEFE29E00014EE7 /* SpotifyReplicaApp.swift */; };
		6C5193132AEFE29E00014EE7 /* ContentView.swift in Sources */ = {isa = PBXBuildFile; fileRef = 6C5193122AEFE29E00014EE7 /* ContentView.swift */; };
		6C5193152AEFE29F00014EE7 /* Assets.xcassets in Resources */ = {isa = PBXBuildFile; fileRef = 6C5193142AEFE29F00014EE7 /* Assets.xcassets */; };
		6C5193182AEFE29F00014EE7 /* Preview Assets.xcassets in Resources */ = {isa = PBXBuildFile; fileRef = 6C5193172AEFE29F00014EE7 /* Preview Assets.xcassets */; };
		6C51931F2AF13B4300014EE7 /* Search.swift in Sources */ = {isa = PBXBuildFile; fileRef = 6C51931E2AF13B4300014EE7 /* Search.swift */; };
		6C5193212AF27AE000014EE7 /* AlbumManager.swift in Sources */ = {isa = PBXBuildFile; fileRef = 6C5193202AF27AE000014EE7 /* AlbumManager.swift */; };
		6C5193232AF27BBB00014EE7 /* AlbumPage.swift in Sources */ = {isa = PBXBuildFile; fileRef = 6C5193222AF27BBB00014EE7 /* AlbumPage.swift */; };
		6C5193252AF29CD800014EE7 /* Library.swift in Sources */ = {isa = PBXBuildFile; fileRef = 6C5193242AF29CD800014EE7 /* Library.swift */; };
/* End PBXBuildFile section */

/* Begin PBXFileReference section */
		6C51930D2AEFE29E00014EE7 /* SpotifyReplica.app */ = {isa = PBXFileReference; explicitFileType = wrapper.application; includeInIndex = 0; path = SpotifyReplica.app; sourceTree = BUILT_PRODUCTS_DIR; };
		6C5193102AEFE29E00014EE7 /* SpotifyReplicaApp.swift */ = {isa = PBXFileReference; lastKnownFileType = sourcecode.swift; path = SpotifyReplicaApp.swift; sourceTree = "<group>"; };
		6C5193122AEFE29E00014EE7 /* ContentView.swift */ = {isa = PBXFileReference; lastKnownFileType = sourcecode.swift; path = ContentView.swift; sourceTree = "<group>"; };
		6C5193142AEFE29F00014EE7 /* Assets.xcassets */ = {isa = PBXFileReference; lastKnownFileType = folder.assetcatalog; path = Assets.xcassets; sourceTree = "<group>"; };
		6C5193172AEFE29F00014EE7 /* Preview Assets.xcassets */ = {isa = PBXFileReference; lastKnownFileType = folder.assetcatalog; path = "Preview Assets.xcassets"; sourceTree = "<group>"; };
		6C51931E2AF13B4300014EE7 /* Search.swift */ = {isa = PBXFileReference; lastKnownFileType = sourcecode.swift; path = Search.swift; sourceTree = "<group>"; };
		6C5193202AF27AE000014EE7 /* AlbumManager.swift */ = {isa = PBXFileReference; lastKnownFileType = sourcecode.swift; path = AlbumManager.swift; sourceTree = "<group>"; };
		6C5193222AF27BBB00014EE7 /* AlbumPage.swift */ = {isa = PBXFileReference; lastKnownFileType = sourcecode.swift; path = AlbumPage.swift; sourceTree = "<group>"; };
		6C5193242AF29CD800014EE7 /* Library.swift */ = {isa = PBXFileReference; lastKnownFileType = sourcecode.swift; path = Library.swift; sourceTree = "<group>"; };
/* End PBXFileReference section */

/* Begin PBXFrameworksBuildPhase section */
		6C51930A2AEFE29E00014EE7 /* Frameworks */ = {
			isa = PBXFrameworksBuildPhase;
			buildActionMask = 2147483647;
			files = (
			);
			runOnlyForDeploymentPostprocessing = 0;
		};
/* End PBXFrameworksBuildPhase section */

/* Begin PBXGroup section */
		6C5193042AEFE29E00014EE7 = {
			isa = PBXGroup;
			children = (
				6C51930F2AEFE29E00014EE7 /* SpotifyReplica */,
				6C51930E2AEFE29E00014EE7 /* Products */,
			);
			sourceTree = "<group>";
		};
		6C51930E2AEFE29E00014EE7 /* Products */ = {
			isa = PBXGroup;
			children = (
				6C51930D2AEFE29E00014EE7 /* SpotifyReplica.app */,
			);
			name = Products;
			sourceTree = "<group>";
		};
		6C51930F2AEFE29E00014EE7 /* SpotifyReplica */ = {
			isa = PBXGroup;
			children = (
				6C5193102AEFE29E00014EE7 /* SpotifyReplicaApp.swift */,
				6C5193122AEFE29E00014EE7 /* ContentView.swift */,
				6C5193202AF27AE000014EE7 /* AlbumManager.swift */,
				6C5193222AF27BBB00014EE7 /* AlbumPage.swift */,
				6C51931E2AF13B4300014EE7 /* Search.swift */,
				6C5193242AF29CD800014EE7 /* Library.swift */,
				6C5193142AEFE29F00014EE7 /* Assets.xcassets */,
				6C5193162AEFE29F00014EE7 /* Preview Content */,
			);
			path = SpotifyReplica;
			sourceTree = "<group>";
		};
		6C5193162AEFE29F00014EE7 /* Preview Content */ = {
			isa = PBXGroup;
			children = (
				6C5193172AEFE29F00014EE7 /* Preview Assets.xcassets */,
			);
			path = "Preview Content";
			sourceTree = "<group>";
		};
/* End PBXGroup section */

/* Begin PBXNativeTarget section */
		6C51930C2AEFE29E00014EE7 /* SpotifyReplica */ = {
			isa = PBXNativeTarget;
			buildConfigurationList = 6C51931B2AEFE29F00014EE7 /* Build configuration list for PBXNativeTarget "SpotifyReplica" */;
			buildPhases = (
				6C5193092AEFE29E00014EE7 /* Sources */,
				6C51930A2AEFE29E00014EE7 /* Frameworks */,
				6C51930B2AEFE29E00014EE7 /* Resources */,
			);
			buildRules = (
			);
			dependencies = (
			);
			name = SpotifyReplica;
			productName = SpotifyReplica;
			productReference = 6C51930D2AEFE29E00014EE7 /* SpotifyReplica.app */;
			productType = "com.apple.product-type.application";
		};
/* End PBXNativeTarget section */

/* Begin PBXProject section */
		6C5193052AEFE29E00014EE7 /* Project object */ = {
			isa = PBXProject;
			attributes = {
				BuildIndependentTargetsInParallel = 1;
				LastSwiftUpdateCheck = 1500;
				LastUpgradeCheck = 1500;
				TargetAttributes = {
					6C51930C2AEFE29E00014EE7 = {
						CreatedOnToolsVersion = 15.0;
					};
				};
			};
			buildConfigurationList = 6C5193082AEFE29E00014EE7 /* Build configuration list for PBXProject "SpotifyReplica" */;
			compatibilityVersion = "Xcode 14.0";
			developmentRegion = en;
			hasScannedForEncodings = 0;
			knownRegions = (
				en,
				Base,
			);
			mainGroup = 6C5193042AEFE29E00014EE7;
			productRefGroup = 6C51930E2AEFE29E00014EE7 /* Products */;
			projectDirPath = "";
			projectRoot = "";
			targets = (
				6C51930C2AEFE29E00014EE7 /* SpotifyReplica */,
			);
		};
/* End PBXProject section */

/* Begin PBXResourcesBuildPhase section */
		6C51930B2AEFE29E00014EE7 /* Resources */ = {
			isa = PBXResourcesBuildPhase;
			buildActionMask = 2147483647;
			files = (
				6C5193182AEFE29F00014EE7 /* Preview Assets.xcassets in Resources */,
				6C5193152AEFE29F00014EE7 /* Assets.xcassets in Resources */,
			);
			runOnlyForDeploymentPostprocessing = 0;
		};
/* End PBXResourcesBuildPhase section */

/* Begin PBXSourcesBuildPhase section */
		6C5193092AEFE29E00014EE7 /* Sources */ = {
			isa = PBXSourcesBuildPhase;
			buildActionMask = 2147483647;
			files = (
				6C51931F2AF13B4300014EE7 /* Search.swift in Sources */,
				6C5193212AF27AE000014EE7 /* AlbumManager.swift in Sources */,
				6C5193132AEFE29E00014EE7 /* ContentView.swift in Sources */,
				6C5193232AF27BBB00014EE7 /* AlbumPage.swift in Sources */,
				6C5193112AEFE29E00014EE7 /* SpotifyReplicaApp.swift in Sources */,
				6C5193252AF29CD800014EE7 /* Library.swift in Sources */,
			);
			runOnlyForDeploymentPostprocessing = 0;
		};
/* End PBXSourcesBuildPhase section */

/* Begin XCBuildConfiguration section */
		6C5193192AEFE29F00014EE7 /* Debug */ = {
			isa = XCBuildConfiguration;
			buildSettings = {
				ALWAYS_SEARCH_USER_PATHS = NO;
				ASSETCATALOG_COMPILER_GENERATE_SWIFT_ASSET_SYMBOL_EXTENSIONS = YES;
				CLANG_ANALYZER_NONNULL = YES;
				CLANG_ANALYZER_NUMBER_OBJECT_CONVERSION = YES_AGGRESSIVE;
				CLANG_CXX_LANGUAGE_STANDARD = "gnu++20";
				CLANG_ENABLE_MODULES = YES;
				CLANG_ENABLE_OBJC_ARC = YES;
				CLANG_ENABLE_OBJC_WEAK = YES;
				CLANG_WARN_BLOCK_CAPTURE_AUTORELEASING = YES;
				CLANG_WARN_BOOL_CONVERSION = YES;
				CLANG_WARN_COMMA = YES;
				CLANG_WARN_CONSTANT_CONVERSION = YES;
				CLANG_WARN_DEPRECATED_OBJC_IMPLEMENTATIONS = YES;
				CLANG_WARN_DIRECT_OBJC_ISA_USAGE = YES_ERROR;
				CLANG_WARN_DOCUMENTATION_COMMENTS = YES;
				CLANG_WARN_EMPTY_BODY = YES;
				CLANG_WARN_ENUM_CONVERSION = YES;
				CLANG_WARN_INFINITE_RECURSION = YES;
				CLANG_WARN_INT_CONVERSION = YES;
				CLANG_WARN_NON_LITERAL_NULL_CONVERSION = YES;
				CLANG_WARN_OBJC_IMPLICIT_RETAIN_SELF = YES;
				CLANG_WARN_OBJC_LITERAL_CONVERSION = YES;
				CLANG_WARN_OBJC_ROOT_CLASS = YES_ERROR;
				CLANG_WARN_QUOTED_INCLUDE_IN_FRAMEWORK_HEADER = YES;
				CLANG_WARN_RANGE_LOOP_ANALYSIS = YES;
				CLANG_WARN_STRICT_PROTOTYPES = YES;
				CLANG_WARN_SUSPICIOUS_MOVE = YES;
				CLANG_WARN_UNGUARDED_AVAILABILITY = YES_AGGRESSIVE;
				CLANG_WARN_UNREACHABLE_CODE = YES;
				CLANG_WARN__DUPLICATE_METHOD_MATCH = YES;
				COPY_PHASE_STRIP = NO;
				DEBUG_INFORMATION_FORMAT = dwarf;
				ENABLE_STRICT_OBJC_MSGSEND = YES;
				ENABLE_TESTABILITY = YES;
				ENABLE_USER_SCRIPT_SANDBOXING = YES;
				GCC_C_LANGUAGE_STANDARD = gnu17;
				GCC_DYNAMIC_NO_PIC = NO;
				GCC_NO_COMMON_BLOCKS = YES;
				GCC_OPTIMIZATION_LEVEL = 0;
				GCC_PREPROCESSOR_DEFINITIONS = (
					"DEBUG=1",
					"$(inherited)",
				);
				GCC_WARN_64_TO_32_BIT_CONVERSION = YES;
				GCC_WARN_ABOUT_RETURN_TYPE = YES_ERROR;
				GCC_WARN_UNDECLARED_SELECTOR = YES;
				GCC_WARN_UNINITIALIZED_AUTOS = YES_AGGRESSIVE;
				GCC_WARN_UNUSED_FUNCTION = YES;
				GCC_WARN_UNUSED_VARIABLE = YES;
				IPHONEOS_DEPLOYMENT_TARGET = 17.0;
				LOCALIZATION_PREFERS_STRING_CATALOGS = YES;
				MTL_ENABLE_DEBUG_INFO = INCLUDE_SOURCE;
				MTL_FAST_MATH = YES;
				ONLY_ACTIVE_ARCH = YES;
				SDKROOT = iphoneos;
				SWIFT_ACTIVE_COMPILATION_CONDITIONS = "DEBUG $(inherited)";
				SWIFT_OPTIMIZATION_LEVEL = "-Onone";
			};
			name = Debug;
		};
		6C51931A2AEFE29F00014EE7 /* Release */ = {
			isa = XCBuildConfiguration;
			buildSettings = {
				ALWAYS_SEARCH_USER_PATHS = NO;
				ASSETCATALOG_COMPILER_GENERATE_SWIFT_ASSET_SYMBOL_EXTENSIONS = YES;
				CLANG_ANALYZER_NONNULL = YES;
				CLANG_ANALYZER_NUMBER_OBJECT_CONVERSION = YES_AGGRESSIVE;
				CLANG_CXX_LANGUAGE_STANDARD = "gnu++20";
				CLANG_ENABLE_MODULES = YES;
				CLANG_ENABLE_OBJC_ARC = YES;
				CLANG_ENABLE_OBJC_WEAK = YES;
				CLANG_WARN_BLOCK_CAPTURE_AUTORELEASING = YES;
				CLANG_WARN_BOOL_CONVERSION = YES;
				CLANG_WARN_COMMA = YES;
				CLANG_WARN_CONSTANT_CONVERSION = YES;
				CLANG_WARN_DEPRECATED_OBJC_IMPLEMENTATIONS = YES;
				CLANG_WARN_DIRECT_OBJC_ISA_USAGE = YES_ERROR;
				CLANG_WARN_DOCUMENTATION_COMMENTS = YES;
				CLANG_WARN_EMPTY_BODY = YES;
				CLANG_WARN_ENUM_CONVERSION = YES;
				CLANG_WARN_INFINITE_RECURSION = YES;
				CLANG_WARN_INT_CONVERSION = YES;
				CLANG_WARN_NON_LITERAL_NULL_CONVERSION = YES;
				CLANG_WARN_OBJC_IMPLICIT_RETAIN_SELF = YES;
				CLANG_WARN_OBJC_LITERAL_CONVERSION = YES;
				CLANG_WARN_OBJC_ROOT_CLASS = YES_ERROR;
				CLANG_WARN_QUOTED_INCLUDE_IN_FRAMEWORK_HEADER = YES;
				CLANG_WARN_RANGE_LOOP_ANALYSIS = YES;
				CLANG_WARN_STRICT_PROTOTYPES = YES;
				CLANG_WARN_SUSPICIOUS_MOVE = YES;
				CLANG_WARN_UNGUARDED_AVAILABILITY = YES_AGGRESSIVE;
				CLANG_WARN_UNREACHABLE_CODE = YES;
				CLANG_WARN__DUPLICATE_METHOD_MATCH = YES;
				COPY_PHASE_STRIP = NO;
				DEBUG_INFORMATION_FORMAT = "dwarf-with-dsym";
				ENABLE_NS_ASSERTIONS = NO;
				ENABLE_STRICT_OBJC_MSGSEND = YES;
				ENABLE_USER_SCRIPT_SANDBOXING = YES;
				GCC_C_LANGUAGE_STANDARD = gnu17;
				GCC_NO_COMMON_BLOCKS = YES;
				GCC_WARN_64_TO_32_BIT_CONVERSION = YES;
				GCC_WARN_ABOUT_RETURN_TYPE = YES_ERROR;
				GCC_WARN_UNDECLARED_SELECTOR = YES;
				GCC_WARN_UNINITIALIZED_AUTOS = YES_AGGRESSIVE;
				GCC_WARN_UNUSED_FUNCTION = YES;
				GCC_WARN_UNUSED_VARIABLE = YES;
				IPHONEOS_DEPLOYMENT_TARGET = 17.0;
				LOCALIZATION_PREFERS_STRING_CATALOGS = YES;
				MTL_ENABLE_DEBUG_INFO = NO;
				MTL_FAST_MATH = YES;
				SDKROOT = iphoneos;
				SWIFT_COMPILATION_MODE = wholemodule;
				VALIDATE_PRODUCT = YES;
			};
			name = Release;
		};
		6C51931C2AEFE29F00014EE7 /* Debug */ = {
			isa = XCBuildConfiguration;
			buildSettings = {
				ASSETCATALOG_COMPILER_APPICON_NAME = AppIcon;
				ASSETCATALOG_COMPILER_GLOBAL_ACCENT_COLOR_NAME = AccentColor;
				CODE_SIGN_STYLE = Automatic;
				CURRENT_PROJECT_VERSION = 1;
				DEVELOPMENT_ASSET_PATHS = "\"SpotifyReplica/Preview Content\"";
				ENABLE_PREVIEWS = YES;
				GENERATE_INFOPLIST_FILE = YES;
				INFOPLIST_KEY_UIApplicationSceneManifest_Generation = YES;
				INFOPLIST_KEY_UIApplicationSupportsIndirectInputEvents = YES;
				INFOPLIST_KEY_UILaunchScreen_Generation = YES;
				INFOPLIST_KEY_UISupportedInterfaceOrientations_iPad = "UIInterfaceOrientationPortrait UIInterfaceOrientationPortraitUpsideDown UIInterfaceOrientationLandscapeLeft UIInterfaceOrientationLandscapeRight";
				INFOPLIST_KEY_UISupportedInterfaceOrientations_iPhone = "UIInterfaceOrientationPortrait UIInterfaceOrientationLandscapeLeft UIInterfaceOrientationLandscapeRight";
				LD_RUNPATH_SEARCH_PATHS = (
					"$(inherited)",
					"@executable_path/Frameworks",
				);
				MARKETING_VERSION = 1.0;
				PRODUCT_BUNDLE_IDENTIFIER = com.demari.SpotifyReplica;
				PRODUCT_NAME = "$(TARGET_NAME)";
				SWIFT_EMIT_LOC_STRINGS = YES;
				SWIFT_VERSION = 5.0;
				TARGETED_DEVICE_FAMILY = "1,2";
			};
			name = Debug;
		};
		6C51931D2AEFE29F00014EE7 /* Release */ = {
			isa = XCBuildConfiguration;
			buildSettings = {
				ASSETCATALOG_COMPILER_APPICON_NAME = AppIcon;
				ASSETCATALOG_COMPILER_GLOBAL_ACCENT_COLOR_NAME = AccentColor;
				CODE_SIGN_STYLE = Automatic;
				CURRENT_PROJECT_VERSION = 1;
				DEVELOPMENT_ASSET_PATHS = "\"SpotifyReplica/Preview Content\"";
				ENABLE_PREVIEWS = YES;
				GENERATE_INFOPLIST_FILE = YES;
				INFOPLIST_KEY_UIApplicationSceneManifest_Generation = YES;
				INFOPLIST_KEY_UIApplicationSupportsIndirectInputEvents = YES;
				INFOPLIST_KEY_UILaunchScreen_Generation = YES;
				INFOPLIST_KEY_UISupportedInterfaceOrientations_iPad = "UIInterfaceOrientationPortrait UIInterfaceOrientationPortraitUpsideDown UIInterfaceOrientationLandscapeLeft UIInterfaceOrientationLandscapeRight";
				INFOPLIST_KEY_UISupportedInterfaceOrientations_iPhone = "UIInterfaceOrientationPortrait UIInterfaceOrientationLandscapeLeft UIInterfaceOrientationLandscapeRight";
				LD_RUNPATH_SEARCH_PATHS = (
					"$(inherited)",
					"@executable_path/Frameworks",
				);
				MARKETING_VERSION = 1.0;
				PRODUCT_BUNDLE_IDENTIFIER = com.demari.SpotifyReplica;
				PRODUCT_NAME = "$(TARGET_NAME)";
				SWIFT_EMIT_LOC_STRINGS = YES;
				SWIFT_VERSION = 5.0;
				TARGETED_DEVICE_FAMILY = "1,2";
			};
			name = Release;
		};
/* End XCBuildConfiguration section */

/* Begin XCConfigurationList section */
		6C5193082AEFE29E00014EE7 /* Build configuration list for PBXProject "SpotifyReplica" */ = {
			isa = XCConfigurationList;
			buildConfigurations = (
				6C5193192AEFE29F00014EE7 /* Debug */,
				6C51931A2AEFE29F00014EE7 /* Release */,
			);
			defaultConfigurationIsVisible = 0;
			defaultConfigurationName = Release;
		};
		6C51931B2AEFE29F00014EE7 /* Build configuration list for PBXNativeTarget "SpotifyReplica" */ = {
			isa = XCConfigurationList;
			buildConfigurations = (
				6C51931C2AEFE29F00014EE7 /* Debug */,
				6C51931D2AEFE29F00014EE7 /* Release */,
			);
			defaultConfigurationIsVisible = 0;
			defaultConfigurationName = Release;
		};
/* End XCConfigurationList section */
	};
	rootObject = 6C5193052AEFE29E00014EE7 /* Project object */;
}
